
Microsoft Visual Studio Solution File, Format Version 12.00
# Visual Studio Version 16
VisualStudioVersion = 16.0.30717.126
MinimumVisualStudioVersion = 10.0.40219.1
Project("{8BC9CEB8-8B4A-11D0-8D11-00A0C91BC942}") = "Odev 2", "Odev 2\Odev 2.vcxproj", "{752970AB-9E0D-4489-8DCA-85B460810B38}"
EndProject
Global
	GlobalSection(SolutionConfigurationPlatforms) = preSolution
		Debug|x64 = Debug|x64
		Debug|x86 = Debug|x86
		Release|x64 = Release|x64
		Release|x86 = Release|x86
	EndGlobalSection
	GlobalSection(ProjectConfigurationPlatforms) = postSolution
		{752970AB-9E0D-4489-8DCA-85B460810B38}.Debug|x64.ActiveCfg = Debug|x64
		{752970AB-9E0D-4489-8DCA-85B460810B38}.Debug|x64.Build.0 = Debug|x64
		{752970AB-9E0D-4489-8DCA-85B460810B38}.Debug|x86.ActiveCfg = Debug|Win32
		{752970AB-9E0D-4489-8DCA-85B460810B38}.Debug|x86.Build.0 = Debug|Win32
		{752970AB-9E0D-4489-8DCA-85B460810B38}.Release|x64.ActiveCfg = Release|x64
		{752970AB-9E0D-4489-8DCA-85B460810B38}.Release|x64.Build.0 = Release|x64
		{752970AB-9E0D-4489-8DCA-85B460810B38}.Release|x86.ActiveCfg = Release|Win32
		{752970AB-9E0D-4489-8DCA-85B460810B38}.Release|x86.Build.0 = Release|Win32
	EndGlobalSection
	GlobalSection(SolutionProperties) = preSolution
		HideSolutionNode = FALSE
	EndGlobalSection
	GlobalSection(ExtensibilityGlobals) = postSolution
		SolutionGuid = {5B0CCAE4-B12B-4020-A9FD-CADE22333245}
	EndGlobalSection
EndGlobal
